// !$*UTF8*$!
{
	archiveVersion = 1;
	classes = {
	};
	objectVersion = 55;
	objects = {

/* Begin PBXBuildFile section */
		C635B0AE2678AC9F001EEA82 /* AppDelegate.swift in Sources */ = {isa = PBXBuildFile; fileRef = C635B0AD2678AC9F001EEA82 /* AppDelegate.swift */; };
		C635B0DA2678E9C4001EEA82 /* Prefs.swift in Sources */ = {isa = PBXBuildFile; fileRef = C635B0D92678E9C4001EEA82 /* Prefs.swift */; };
		C63643622670E1B800301DC8 /* FetchInstallerPkgApp.swift in Sources */ = {isa = PBXBuildFile; fileRef = C63643612670E1B800301DC8 /* FetchInstallerPkgApp.swift */; };
		C63643692670E1B900301DC8 /* Preview Assets.xcassets in Resources */ = {isa = PBXBuildFile; fileRef = C63643682670E1B900301DC8 /* Preview Assets.xcassets */; };
		C69C80CC267787DE00E20E20 /* DownloadManager.swift in Sources */ = {isa = PBXBuildFile; fileRef = C69C80CB267787DE00E20E20 /* DownloadManager.swift */; };
		D91A1C122E76372B0040DF7E /* Localizable.strings in Resources */ = {isa = PBXBuildFile; fileRef = D91A1C142E76372B0040DF7E /* Localizable.strings */; };
		D91A1C152E7637350040DF7E /* Download-Full-Installer-InfoPlist.strings in Resources */ = {isa = PBXBuildFile; fileRef = D91A1C172E7637350040DF7E /* Download-Full-Installer-InfoPlist.strings */; };
		D925AB612E7F472900953133 /* DistParserDelegate.swift in Sources */ = {isa = PBXBuildFile; fileRef = D925AB562E7F472900953133 /* DistParserDelegate.swift */; };
		D925AB622E7F472900953133 /* OSNames.swift in Sources */ = {isa = PBXBuildFile; fileRef = D925AB572E7F472900953133 /* OSNames.swift */; };
		D925AB632E7F472900953133 /* BuildManifest.swift in Sources */ = {isa = PBXBuildFile; fileRef = D925AB582E7F472900953133 /* BuildManifest.swift */; };
		D925AB642E7F472900953133 /* Product.swift in Sources */ = {isa = PBXBuildFile; fileRef = D925AB592E7F472900953133 /* Product.swift */; };
		D925AB652E7F472900953133 /* SeedProgram.swift in Sources */ = {isa = PBXBuildFile; fileRef = D925AB5A2E7F472900953133 /* SeedProgram.swift */; };
		D925AB662E7F472900953133 /* MetaInfo.swift in Sources */ = {isa = PBXBuildFile; fileRef = D925AB5B2E7F472900953133 /* MetaInfo.swift */; };
		D925AB672E7F472900953133 /* SUCatalog.swift in Sources */ = {isa = PBXBuildFile; fileRef = D925AB5C2E7F472900953133 /* SUCatalog.swift */; };
		D925AB682E7F472900953133 /* Package.swift in Sources */ = {isa = PBXBuildFile; fileRef = D925AB5D2E7F472900953133 /* Package.swift */; };
		D925AB692E7F472900953133 /* Catalog.swift in Sources */ = {isa = PBXBuildFile; fileRef = D925AB5E2E7F472900953133 /* Catalog.swift */; };
		D925AB712E7F474A00953133 /* InstallerView.swift in Sources */ = {isa = PBXBuildFile; fileRef = D925AB6B2E7F474A00953133 /* InstallerView.swift */; };
		D925AB722E7F474A00953133 /* IconView.swift in Sources */ = {isa = PBXBuildFile; fileRef = D925AB6C2E7F474A00953133 /* IconView.swift */; };
		D925AB742E7F474A00953133 /* PreferencesView.swift in Sources */ = {isa = PBXBuildFile; fileRef = D925AB6E2E7F474A00953133 /* PreferencesView.swift */; };
		D925AB752E7F474A00953133 /* DownloadView.swift in Sources */ = {isa = PBXBuildFile; fileRef = D925AB6F2E7F474A00953133 /* DownloadView.swift */; };
		D925AB762E7F474A00953133 /* ContentView.swift in Sources */ = {isa = PBXBuildFile; fileRef = D925AB702E7F474A00953133 /* ContentView.swift */; };
		D9641B932E76455500A32D05 /* Caffeine.swift in Sources */ = {isa = PBXBuildFile; fileRef = D9641B922E76455500A32D05 /* Caffeine.swift */; };
		D9D89C742E761E9D00CC70CB /* Assets.xcassets in Resources */ = {isa = PBXBuildFile; fileRef = D9D89C732E761E9D00CC70CB /* Assets.xcassets */; };
/* End PBXBuildFile section */

/* Begin PBXFileReference section */
		C635B0AD2678AC9F001EEA82 /* AppDelegate.swift */ = {isa = PBXFileReference; lastKnownFileType = sourcecode.swift; path = AppDelegate.swift; sourceTree = "<group>"; };
		C635B0D92678E9C4001EEA82 /* Prefs.swift */ = {isa = PBXFileReference; lastKnownFileType = sourcecode.swift; path = Prefs.swift; sourceTree = "<group>"; };
		C636435E2670E1B800301DC8 /* Download Full Installer.app */ = {isa = PBXFileReference; explicitFileType = wrapper.application; includeInIndex = 0; path = "Download Full Installer.app"; sourceTree = BUILT_PRODUCTS_DIR; };
		C63643612670E1B800301DC8 /* FetchInstallerPkgApp.swift */ = {isa = PBXFileReference; lastKnownFileType = sourcecode.swift; path = FetchInstallerPkgApp.swift; sourceTree = "<group>"; };
		C63643682670E1B900301DC8 /* Preview Assets.xcassets */ = {isa = PBXFileReference; lastKnownFileType = folder.assetcatalog; path = "Preview Assets.xcassets"; sourceTree = "<group>"; };
		C63643712670E82000301DC8 /* FetchInstallerPkg.entitlements */ = {isa = PBXFileReference; lastKnownFileType = text.plist.entitlements; path = FetchInstallerPkg.entitlements; sourceTree = "<group>"; };
		C69C80CB267787DE00E20E20 /* DownloadManager.swift */ = {isa = PBXFileReference; lastKnownFileType = sourcecode.swift; path = DownloadManager.swift; sourceTree = "<group>"; };
		C6B969B92681D3BE005717F1 /* Download-Full-Installer-Info.plist */ = {isa = PBXFileReference; lastKnownFileType = text.plist; path = "Download-Full-Installer-Info.plist"; sourceTree = "<group>"; };
		D91A1C132E76372B0040DF7E /* en */ = {isa = PBXFileReference; lastKnownFileType = text.plist.strings; name = en; path = en.lproj/Localizable.strings; sourceTree = "<group>"; };
		D91A1C162E7637350040DF7E /* en */ = {isa = PBXFileReference; lastKnownFileType = text.plist.strings; name = en; path = "en.lproj/Download-Full-Installer-InfoPlist.strings"; sourceTree = "<group>"; };
		D925AB562E7F472900953133 /* DistParserDelegate.swift */ = {isa = PBXFileReference; fileEncoding = 4; lastKnownFileType = sourcecode.swift; path = DistParserDelegate.swift; sourceTree = "<group>"; };
		D925AB572E7F472900953133 /* OSNames.swift */ = {isa = PBXFileReference; fileEncoding = 4; lastKnownFileType = sourcecode.swift; path = OSNames.swift; sourceTree = "<group>"; };
		D925AB582E7F472900953133 /* BuildManifest.swift */ = {isa = PBXFileReference; fileEncoding = 4; lastKnownFileType = sourcecode.swift; path = BuildManifest.swift; sourceTree = "<group>"; };
		D925AB592E7F472900953133 /* Product.swift */ = {isa = PBXFileReference; fileEncoding = 4; lastKnownFileType = sourcecode.swift; path = Product.swift; sourceTree = "<group>"; };
		D925AB5A2E7F472900953133 /* SeedProgram.swift */ = {isa = PBXFileReference; fileEncoding = 4; lastKnownFileType = sourcecode.swift; path = SeedProgram.swift; sourceTree = "<group>"; };
		D925AB5B2E7F472900953133 /* MetaInfo.swift */ = {isa = PBXFileReference; fileEncoding = 4; lastKnownFileType = sourcecode.swift; path = MetaInfo.swift; sourceTree = "<group>"; };
		D925AB5C2E7F472900953133 /* SUCatalog.swift */ = {isa = PBXFileReference; fileEncoding = 4; lastKnownFileType = sourcecode.swift; path = SUCatalog.swift; sourceTree = "<group>"; };
		D925AB5D2E7F472900953133 /* Package.swift */ = {isa = PBXFileReference; fileEncoding = 4; lastKnownFileType = sourcecode.swift; path = Package.swift; sourceTree = "<group>"; };
		D925AB5E2E7F472900953133 /* Catalog.swift */ = {isa = PBXFileReference; fileEncoding = 4; lastKnownFileType = sourcecode.swift; path = Catalog.swift; sourceTree = "<group>"; };
		D925AB6B2E7F474A00953133 /* InstallerView.swift */ = {isa = PBXFileReference; fileEncoding = 4; lastKnownFileType = sourcecode.swift; path = InstallerView.swift; sourceTree = "<group>"; };
		D925AB6C2E7F474A00953133 /* IconView.swift */ = {isa = PBXFileReference; fileEncoding = 4; lastKnownFileType = sourcecode.swift; path = IconView.swift; sourceTree = "<group>"; };
		D925AB6E2E7F474A00953133 /* PreferencesView.swift */ = {isa = PBXFileReference; fileEncoding = 4; lastKnownFileType = sourcecode.swift; path = PreferencesView.swift; sourceTree = "<group>"; };
		D925AB6F2E7F474A00953133 /* DownloadView.swift */ = {isa = PBXFileReference; fileEncoding = 4; lastKnownFileType = sourcecode.swift; path = DownloadView.swift; sourceTree = "<group>"; };
		D925AB702E7F474A00953133 /* ContentView.swift */ = {isa = PBXFileReference; fileEncoding = 4; lastKnownFileType = sourcecode.swift; path = ContentView.swift; sourceTree = "<group>"; };
		D9641B922E76455500A32D05 /* Caffeine.swift */ = {isa = PBXFileReference; fileEncoding = 4; lastKnownFileType = sourcecode.swift; path = Caffeine.swift; sourceTree = "<group>"; };
		D9CED1B72E81D9820073558D /* fr */ = {isa = PBXFileReference; lastKnownFileType = text.plist.strings; name = fr; path = "fr.lproj/Download-Full-Installer-InfoPlist.strings"; sourceTree = "<group>"; };
		D9CED1B82E81D9820073558D /* fr */ = {isa = PBXFileReference; lastKnownFileType = text.plist.strings; name = fr; path = fr.lproj/Localizable.strings; sourceTree = "<group>"; };
		D9CED1B92E81DA0F0073558D /* es */ = {isa = PBXFileReference; lastKnownFileType = text.plist.strings; name = es; path = "es.lproj/Download-Full-Installer-InfoPlist.strings"; sourceTree = "<group>"; };
		D9CED1BA2E81DA0F0073558D /* es */ = {isa = PBXFileReference; lastKnownFileType = text.plist.strings; name = es; path = es.lproj/Localizable.strings; sourceTree = "<group>"; };
		D9CED1BB2E81DC630073558D /* pt-BR */ = {isa = PBXFileReference; lastKnownFileType = text.plist.strings; name = "pt-BR"; path = "pt-BR.lproj/Download-Full-Installer-InfoPlist.strings"; sourceTree = "<group>"; };
		D9CED1BC2E81DC630073558D /* pt-BR */ = {isa = PBXFileReference; lastKnownFileType = text.plist.strings; name = "pt-BR"; path = "pt-BR.lproj/Localizable.strings"; sourceTree = "<group>"; };
		D9CED1BD2E81DCED0073558D /* uk */ = {isa = PBXFileReference; lastKnownFileType = text.plist.strings; name = uk; path = "uk.lproj/Download-Full-Installer-InfoPlist.strings"; sourceTree = "<group>"; };
		D9CED1BE2E81DCED0073558D /* uk */ = {isa = PBXFileReference; lastKnownFileType = text.plist.strings; name = uk; path = uk.lproj/Localizable.strings; sourceTree = "<group>"; };
		D9CED1C12E81DDBE0073558D /* it */ = {isa = PBXFileReference; lastKnownFileType = text.plist.strings; name = it; path = "it.lproj/Download-Full-Installer-InfoPlist.strings"; sourceTree = "<group>"; };
		D9CED1C22E81DDBE0073558D /* it */ = {isa = PBXFileReference; lastKnownFileType = text.plist.strings; name = it; path = it.lproj/Localizable.strings; sourceTree = "<group>"; };
		D9CED1C32E81DE270073558D /* zh-Hans */ = {isa = PBXFileReference; lastKnownFileType = text.plist.strings; name = "zh-Hans"; path = "zh-Hans.lproj/Download-Full-Installer-InfoPlist.strings"; sourceTree = "<group>"; };
		D9CED1C42E81DE270073558D /* zh-Hans */ = {isa = PBXFileReference; lastKnownFileType = text.plist.strings; name = "zh-Hans"; path = "zh-Hans.lproj/Localizable.strings"; sourceTree = "<group>"; };
		D9D89C732E761E9D00CC70CB /* Assets.xcassets */ = {isa = PBXFileReference; lastKnownFileType = folder.assetcatalog; path = Assets.xcassets; sourceTree = "<group>"; };
/* End PBXFileReference section */

/* Begin PBXFrameworksBuildPhase section */
		C636435B2670E1B800301DC8 /* Frameworks */ = {
			isa = PBXFrameworksBuildPhase;
			buildActionMask = 2147483647;
			files = (
			);
			runOnlyForDeploymentPostprocessing = 0;
		};
/* End PBXFrameworksBuildPhase section */

/* Begin PBXGroup section */
		C63643552670E1B800301DC8 = {
			isa = PBXGroup;
			children = (
				C6B969B92681D3BE005717F1 /* Download-Full-Installer-Info.plist */,
				C63643602670E1B800301DC8 /* FetchInstallerPkg */,
				C636435F2670E1B800301DC8 /* Products */,
			);
			sourceTree = "<group>";
		};
		C636435F2670E1B800301DC8 /* Products */ = {
			isa = PBXGroup;
			children = (
				C636435E2670E1B800301DC8 /* Download Full Installer.app */,
			);
			name = Products;
			sourceTree = "<group>";
		};
		C63643602670E1B800301DC8 /* FetchInstallerPkg */ = {
			isa = PBXGroup;
			children = (
				C635B0AD2678AC9F001EEA82 /* AppDelegate.swift */,
				D9D89C732E761E9D00CC70CB /* Assets.xcassets */,
				D9641B922E76455500A32D05 /* Caffeine.swift */,
				D91A1C172E7637350040DF7E /* Download-Full-Installer-InfoPlist.strings */,
				C69C80CB267787DE00E20E20 /* DownloadManager.swift */,
				C63643712670E82000301DC8 /* FetchInstallerPkg.entitlements */,
				C63643612670E1B800301DC8 /* FetchInstallerPkgApp.swift */,
				D91A1C142E76372B0040DF7E /* Localizable.strings */,
				C69C80D926788BD700E20E20 /* Model */,
				C635B0D92678E9C4001EEA82 /* Prefs.swift */,
				C63643672670E1B900301DC8 /* Preview Content */,
				C69C80DE26788C9400E20E20 /* View */,
			);
			path = FetchInstallerPkg;
			sourceTree = "<group>";
		};
		C63643672670E1B900301DC8 /* Preview Content */ = {
			isa = PBXGroup;
			children = (
				C63643682670E1B900301DC8 /* Preview Assets.xcassets */,
			);
			path = "Preview Content";
			sourceTree = "<group>";
		};
		C69C80D926788BD700E20E20 /* Model */ = {
			isa = PBXGroup;
			children = (
				D925AB582E7F472900953133 /* BuildManifest.swift */,
				D925AB5E2E7F472900953133 /* Catalog.swift */,
				D925AB562E7F472900953133 /* DistParserDelegate.swift */,
				D925AB5B2E7F472900953133 /* MetaInfo.swift */,
				D925AB572E7F472900953133 /* OSNames.swift */,
				D925AB5D2E7F472900953133 /* Package.swift */,
				D925AB592E7F472900953133 /* Product.swift */,
				D925AB5A2E7F472900953133 /* SeedProgram.swift */,
				D925AB5C2E7F472900953133 /* SUCatalog.swift */,
			);
			path = Model;
			sourceTree = "<group>";
		};
		C69C80DE26788C9400E20E20 /* View */ = {
			isa = PBXGroup;
			children = (
				D925AB702E7F474A00953133 /* ContentView.swift */,
				D925AB6F2E7F474A00953133 /* DownloadView.swift */,
				D925AB6C2E7F474A00953133 /* IconView.swift */,
				D925AB6B2E7F474A00953133 /* InstallerView.swift */,
				D925AB6E2E7F474A00953133 /* PreferencesView.swift */,
			);
			path = View;
			sourceTree = "<group>";
		};
/* End PBXGroup section */

/* Begin PBXNativeTarget section */
		C636435D2670E1B800301DC8 /* Download Full Installer */ = {
			isa = PBXNativeTarget;
			buildConfigurationList = C636436C2670E1B900301DC8 /* Build configuration list for PBXNativeTarget "Download Full Installer" */;
			buildPhases = (
				C636435A2670E1B800301DC8 /* Sources */,
				C636435B2670E1B800301DC8 /* Frameworks */,
				C636435C2670E1B800301DC8 /* Resources */,
				C6B969B82681D0A0005717F1 /* Update Build Version */,
			);
			buildRules = (
			);
			dependencies = (
			);
			name = "Download Full Installer";
			productName = FetchInstallerPkg;
			productReference = C636435E2670E1B800301DC8 /* Download Full Installer.app */;
			productType = "com.apple.product-type.application";
		};
/* End PBXNativeTarget section */

/* Begin PBXProject section */
		C63643562670E1B800301DC8 /* Project object */ = {
			isa = PBXProject;
			attributes = {
				BuildIndependentTargetsInParallel = 1;
				LastSwiftUpdateCheck = 1300;
				LastUpgradeCheck = 1300;
				TargetAttributes = {
					C636435D2670E1B800301DC8 = {
						CreatedOnToolsVersion = 13.0;
					};
				};
			};
			buildConfigurationList = C63643592670E1B800301DC8 /* Build configuration list for PBXProject "FetchInstallerPkg" */;
			compatibilityVersion = "Xcode 13.0";
			developmentRegion = en;
			hasScannedForEncodings = 0;
			knownRegions = (
				en,
				fr,
				es,
				"pt-BR",
				uk,
				it,
				"zh-Hans",
			);
			mainGroup = C63643552670E1B800301DC8;
			productRefGroup = C636435F2670E1B800301DC8 /* Products */;
			projectDirPath = "";
			projectRoot = "";
			targets = (
				C636435D2670E1B800301DC8 /* Download Full Installer */,
			);
		};
/* End PBXProject section */

/* Begin PBXResourcesBuildPhase section */
		C636435C2670E1B800301DC8 /* Resources */ = {
			isa = PBXResourcesBuildPhase;
			buildActionMask = 2147483647;
			files = (
				D9D89C742E761E9D00CC70CB /* Assets.xcassets in Resources */,
				D91A1C152E7637350040DF7E /* Download-Full-Installer-InfoPlist.strings in Resources */,
				D91A1C122E76372B0040DF7E /* Localizable.strings in Resources */,
				C63643692670E1B900301DC8 /* Preview Assets.xcassets in Resources */,
			);
			runOnlyForDeploymentPostprocessing = 0;
		};
/* End PBXResourcesBuildPhase section */

/* Begin PBXShellScriptBuildPhase section */
		C6B969B82681D0A0005717F1 /* Update Build Version */ = {
			isa = PBXShellScriptBuildPhase;
			buildActionMask = 12;
			files = (
			);
			inputFileListPaths = (
			);
			inputPaths = (
			);
			name = "Update Build Version";
			outputFileListPaths = (
			);
			outputPaths = (
			);
			runOnlyForDeploymentPostprocessing = 0;
			shellPath = /bin/sh;
			shellScript = "currentversion=$(xcrun agvtool what-version -terse)\ncommitcount=$(git rev-list --count HEAD)\nif [ $commitcount -ne $currentversion ]; then\n    echo \"setting new build version: $commitcount\"\n    xcrun agvtool new-version $commitcount\nfi\n";
			showEnvVarsInLog = 0;
		};
/* End PBXShellScriptBuildPhase section */

/* Begin PBXSourcesBuildPhase section */
		C636435A2670E1B800301DC8 /* Sources */ = {
			isa = PBXSourcesBuildPhase;
			buildActionMask = 2147483647;
			files = (
				D925AB742E7F474A00953133 /* PreferencesView.swift in Sources */,
				D925AB672E7F472900953133 /* SUCatalog.swift in Sources */,
				D925AB762E7F474A00953133 /* ContentView.swift in Sources */,
				D925AB652E7F472900953133 /* SeedProgram.swift in Sources */,
				D925AB632E7F472900953133 /* BuildManifest.swift in Sources */,
				D925AB752E7F474A00953133 /* DownloadView.swift in Sources */,
				C635B0AE2678AC9F001EEA82 /* AppDelegate.swift in Sources */,
				D925AB622E7F472900953133 /* OSNames.swift in Sources */,
				C635B0DA2678E9C4001EEA82 /* Prefs.swift in Sources */,
				C63643622670E1B800301DC8 /* FetchInstallerPkgApp.swift in Sources */,
				D925AB712E7F474A00953133 /* InstallerView.swift in Sources */,
				D925AB612E7F472900953133 /* DistParserDelegate.swift in Sources */,
				D925AB682E7F472900953133 /* Package.swift in Sources */,
				D925AB692E7F472900953133 /* Catalog.swift in Sources */,
				D925AB722E7F474A00953133 /* IconView.swift in Sources */,
				D925AB662E7F472900953133 /* MetaInfo.swift in Sources */,
				C69C80CC267787DE00E20E20 /* DownloadManager.swift in Sources */,
				D9641B932E76455500A32D05 /* Caffeine.swift in Sources */,
				D925AB642E7F472900953133 /* Product.swift in Sources */,
			);
			runOnlyForDeploymentPostprocessing = 0;
		};
/* End PBXSourcesBuildPhase section */

/* Begin PBXVariantGroup section */
		D91A1C142E76372B0040DF7E /* Localizable.strings */ = {
			isa = PBXVariantGroup;
			children = (
				D91A1C132E76372B0040DF7E /* en */,
				D9CED1B82E81D9820073558D /* fr */,
				D9CED1BA2E81DA0F0073558D /* es */,
				D9CED1BC2E81DC630073558D /* pt-BR */,
				D9CED1BE2E81DCED0073558D /* uk */,
				D9CED1C22E81DDBE0073558D /* it */,
				D9CED1C42E81DE270073558D /* zh-Hans */,
			);
			name = Localizable.strings;
			sourceTree = "<group>";
		};
		D91A1C172E7637350040DF7E /* Download-Full-Installer-InfoPlist.strings */ = {
			isa = PBXVariantGroup;
			children = (
				D91A1C162E7637350040DF7E /* en */,
				D9CED1B72E81D9820073558D /* fr */,
				D9CED1B92E81DA0F0073558D /* es */,
				D9CED1BB2E81DC630073558D /* pt-BR */,
				D9CED1BD2E81DCED0073558D /* uk */,
				D9CED1C12E81DDBE0073558D /* it */,
				D9CED1C32E81DE270073558D /* zh-Hans */,
			);
			name = "Download-Full-Installer-InfoPlist.strings";
			sourceTree = "<group>";
		};
/* End PBXVariantGroup section */

/* Begin XCBuildConfiguration section */
		C636436A2670E1B900301DC8 /* Debug */ = {
			isa = XCBuildConfiguration;
			buildSettings = {
				ALWAYS_SEARCH_USER_PATHS = NO;
				CLANG_ANALYZER_LOCALIZABILITY_NONLOCALIZED = YES;
				CLANG_ANALYZER_NONNULL = YES;
				CLANG_ANALYZER_NUMBER_OBJECT_CONVERSION = YES_AGGRESSIVE;
				CLANG_CXX_LANGUAGE_STANDARD = "gnu++14";
				CLANG_CXX_LIBRARY = "libc++";
				CLANG_ENABLE_MODULES = YES;
				CLANG_ENABLE_OBJC_ARC = YES;
				CLANG_ENABLE_OBJC_WEAK = YES;
				CLANG_WARN_BLOCK_CAPTURE_AUTORELEASING = YES;
				CLANG_WARN_BOOL_CONVERSION = YES;
				CLANG_WARN_COMMA = YES;
				CLANG_WARN_CONSTANT_CONVERSION = YES;
				CLANG_WARN_DEPRECATED_OBJC_IMPLEMENTATIONS = YES;
				CLANG_WARN_DIRECT_OBJC_ISA_USAGE = YES_ERROR;
				CLANG_WARN_DOCUMENTATION_COMMENTS = YES;
				CLANG_WARN_EMPTY_BODY = YES;
				CLANG_WARN_ENUM_CONVERSION = YES;
				CLANG_WARN_INFINITE_RECURSION = YES;
				CLANG_WARN_INT_CONVERSION = YES;
				CLANG_WARN_NON_LITERAL_NULL_CONVERSION = YES;
				CLANG_WARN_OBJC_IMPLICIT_RETAIN_SELF = YES;
				CLANG_WARN_OBJC_LITERAL_CONVERSION = YES;
				CLANG_WARN_OBJC_ROOT_CLASS = YES_ERROR;
				CLANG_WARN_QUOTED_INCLUDE_IN_FRAMEWORK_HEADER = YES;
				CLANG_WARN_RANGE_LOOP_ANALYSIS = YES;
				CLANG_WARN_STRICT_PROTOTYPES = YES;
				CLANG_WARN_SUSPICIOUS_MOVE = YES;
				CLANG_WARN_UNGUARDED_AVAILABILITY = YES_AGGRESSIVE;
				CLANG_WARN_UNREACHABLE_CODE = YES;
				CLANG_WARN__DUPLICATE_METHOD_MATCH = YES;
				COPY_PHASE_STRIP = NO;
				DEBUG_INFORMATION_FORMAT = dwarf;
				ENABLE_STRICT_OBJC_MSGSEND = YES;
				ENABLE_TESTABILITY = YES;
				GCC_C_LANGUAGE_STANDARD = gnu11;
				GCC_DYNAMIC_NO_PIC = NO;
				GCC_NO_COMMON_BLOCKS = YES;
				GCC_OPTIMIZATION_LEVEL = 0;
				GCC_PREPROCESSOR_DEFINITIONS = (
					"DEBUG=1",
					"$(inherited)",
				);
				GCC_WARN_64_TO_32_BIT_CONVERSION = YES;
				GCC_WARN_ABOUT_RETURN_TYPE = YES_ERROR;
				GCC_WARN_UNDECLARED_SELECTOR = YES;
				GCC_WARN_UNINITIALIZED_AUTOS = YES_AGGRESSIVE;
				GCC_WARN_UNUSED_FUNCTION = YES;
				GCC_WARN_UNUSED_VARIABLE = YES;
				LOCALIZATION_PREFERS_STRING_CATALOGS = YES;
				MACOSX_DEPLOYMENT_TARGET = 11.0;
				MTL_ENABLE_DEBUG_INFO = INCLUDE_SOURCE;
				MTL_FAST_MATH = YES;
				ONLY_ACTIVE_ARCH = YES;
				SDKROOT = macosx;
				SWIFT_ACTIVE_COMPILATION_CONDITIONS = DEBUG;
				SWIFT_EMIT_LOC_STRINGS = YES;
				SWIFT_OPTIMIZATION_LEVEL = "-Onone";
			};
			name = Debug;
		};
		C636436B2670E1B900301DC8 /* Release */ = {
			isa = XCBuildConfiguration;
			buildSettings = {
				ALWAYS_SEARCH_USER_PATHS = NO;
				CLANG_ANALYZER_LOCALIZABILITY_NONLOCALIZED = YES;
				CLANG_ANALYZER_NONNULL = YES;
				CLANG_ANALYZER_NUMBER_OBJECT_CONVERSION = YES_AGGRESSIVE;
				CLANG_CXX_LANGUAGE_STANDARD = "gnu++14";
				CLANG_CXX_LIBRARY = "libc++";
				CLANG_ENABLE_MODULES = YES;
				CLANG_ENABLE_OBJC_ARC = YES;
				CLANG_ENABLE_OBJC_WEAK = YES;
				CLANG_WARN_BLOCK_CAPTURE_AUTORELEASING = YES;
				CLANG_WARN_BOOL_CONVERSION = YES;
				CLANG_WARN_COMMA = YES;
				CLANG_WARN_CONSTANT_CONVERSION = YES;
				CLANG_WARN_DEPRECATED_OBJC_IMPLEMENTATIONS = YES;
				CLANG_WARN_DIRECT_OBJC_ISA_USAGE = YES_ERROR;
				CLANG_WARN_DOCUMENTATION_COMMENTS = YES;
				CLANG_WARN_EMPTY_BODY = YES;
				CLANG_WARN_ENUM_CONVERSION = YES;
				CLANG_WARN_INFINITE_RECURSION = YES;
				CLANG_WARN_INT_CONVERSION = YES;
				CLANG_WARN_NON_LITERAL_NULL_CONVERSION = YES;
				CLANG_WARN_OBJC_IMPLICIT_RETAIN_SELF = YES;
				CLANG_WARN_OBJC_LITERAL_CONVERSION = YES;
				CLANG_WARN_OBJC_ROOT_CLASS = YES_ERROR;
				CLANG_WARN_QUOTED_INCLUDE_IN_FRAMEWORK_HEADER = YES;
				CLANG_WARN_RANGE_LOOP_ANALYSIS = YES;
				CLANG_WARN_STRICT_PROTOTYPES = YES;
				CLANG_WARN_SUSPICIOUS_MOVE = YES;
				CLANG_WARN_UNGUARDED_AVAILABILITY = YES_AGGRESSIVE;
				CLANG_WARN_UNREACHABLE_CODE = YES;
				CLANG_WARN__DUPLICATE_METHOD_MATCH = YES;
				COPY_PHASE_STRIP = NO;
				DEBUG_INFORMATION_FORMAT = "dwarf-with-dsym";
				ENABLE_NS_ASSERTIONS = NO;
				ENABLE_STRICT_OBJC_MSGSEND = YES;
				GCC_C_LANGUAGE_STANDARD = gnu11;
				GCC_NO_COMMON_BLOCKS = YES;
				GCC_WARN_64_TO_32_BIT_CONVERSION = YES;
				GCC_WARN_ABOUT_RETURN_TYPE = YES_ERROR;
				GCC_WARN_UNDECLARED_SELECTOR = YES;
				GCC_WARN_UNINITIALIZED_AUTOS = YES_AGGRESSIVE;
				GCC_WARN_UNUSED_FUNCTION = YES;
				GCC_WARN_UNUSED_VARIABLE = YES;
				LOCALIZATION_PREFERS_STRING_CATALOGS = YES;
				MACOSX_DEPLOYMENT_TARGET = 11.0;
				MTL_ENABLE_DEBUG_INFO = NO;
				MTL_FAST_MATH = YES;
				SDKROOT = macosx;
				SWIFT_COMPILATION_MODE = wholemodule;
				SWIFT_EMIT_LOC_STRINGS = YES;
				SWIFT_OPTIMIZATION_LEVEL = "-O";
			};
			name = Release;
		};
		C636436D2670E1B900301DC8 /* Debug */ = {
			isa = XCBuildConfiguration;
			buildSettings = {
				ARCHS = "$(ARCHS_STANDARD)";
				ASSETCATALOG_COMPILER_APPICON_NAME = AppIcon;
				ASSETCATALOG_COMPILER_GLOBAL_ACCENT_COLOR_NAME = AccentColor;
				ASSETCATALOG_COMPILER_INCLUDE_ALL_APPICON_ASSETS = YES;
				CODE_SIGN_ENTITLEMENTS = FetchInstallerPkg/FetchInstallerPkg.entitlements;
				CODE_SIGN_IDENTITY = "-";
				"CODE_SIGN_IDENTITY[sdk=macosx*]" = "-";
				CODE_SIGN_STYLE = Automatic;
				COMBINE_HIDPI_IMAGES = YES;
				CURRENT_PROJECT_VERSION = 111;
				DEVELOPMENT_ASSET_PATHS = "\"FetchInstallerPkg/Preview Content\"";
				DEVELOPMENT_TEAM = ER43ZD2S4U;
				ENABLE_APP_SANDBOX = YES;
				ENABLE_HARDENED_RUNTIME = YES;
				ENABLE_PREVIEWS = YES;
				ENABLE_USER_SELECTED_FILES = readonly;
				GENERATE_INFOPLIST_FILE = YES;
				INFOPLIST_FILE = "Download-Full-Installer-Info.plist";
				INFOPLIST_KEY_CFBundleExecutable = "Download Full Installer";
				INFOPLIST_KEY_CFBundleName = "Download Full Installer";
				INFOPLIST_KEY_CFBundleVersion = 17;
				INFOPLIST_KEY_LSApplicationCategoryType = "public.app-category.utilities";
				INFOPLIST_KEY_NSHumanReadableCopyright = "©2021 Scripting OS X (Armin Briegel)\n@2024 Matxpa (version 2)\n@2025 Perez987 (update to Tahoe)";
				LD_RUNPATH_SEARCH_PATHS = (
					"$(inherited)",
					"@executable_path/../Frameworks",
				);
				LOCALIZATION_PREFERS_STRING_CATALOGS = YES;
				MACOSX_DEPLOYMENT_TARGET = 11.0;
				MARKETING_VERSION = 2.0;
				ONLY_ACTIVE_ARCH = YES;
				PRODUCT_BUNDLE_IDENTIFIER = perez987.fetchinstallerpkg;
				PRODUCT_NAME = "$(TARGET_NAME)";
				SWIFT_EMIT_LOC_STRINGS = YES;
				SWIFT_VERSION = 5.0;
			};
			name = Debug;
		};
		C636436E2670E1B900301DC8 /* Release */ = {
			isa = XCBuildConfiguration;
			buildSettings = {
				ARCHS = "$(ARCHS_STANDARD)";
				ASSETCATALOG_COMPILER_APPICON_NAME = AppIcon;
				ASSETCATALOG_COMPILER_GLOBAL_ACCENT_COLOR_NAME = AccentColor;
				ASSETCATALOG_COMPILER_INCLUDE_ALL_APPICON_ASSETS = YES;
				CODE_SIGN_ENTITLEMENTS = FetchInstallerPkg/FetchInstallerPkg.entitlements;
				CODE_SIGN_IDENTITY = "-";
				"CODE_SIGN_IDENTITY[sdk=macosx*]" = "-";
				CODE_SIGN_STYLE = Automatic;
				COMBINE_HIDPI_IMAGES = YES;
				CURRENT_PROJECT_VERSION = 111;
				DEVELOPMENT_ASSET_PATHS = "\"FetchInstallerPkg/Preview Content\"";
				DEVELOPMENT_TEAM = ER43ZD2S4U;
				ENABLE_APP_SANDBOX = YES;
				ENABLE_HARDENED_RUNTIME = YES;
				ENABLE_PREVIEWS = YES;
				ENABLE_USER_SELECTED_FILES = readonly;
				GENERATE_INFOPLIST_FILE = YES;
				INFOPLIST_FILE = "Download-Full-Installer-Info.plist";
				INFOPLIST_KEY_CFBundleExecutable = "Download Full Installer";
				INFOPLIST_KEY_CFBundleName = "Download Full Installer";
				INFOPLIST_KEY_CFBundleVersion = 17;
				INFOPLIST_KEY_LSApplicationCategoryType = "public.app-category.utilities";
				INFOPLIST_KEY_NSHumanReadableCopyright = "©2021 Scripting OS X (Armin Briegel)\n@2024 Matxpa (version 2)\n@2025 Perez987 (update to Tahoe)";
				LD_RUNPATH_SEARCH_PATHS = (
					"$(inherited)",
					"@executable_path/../Frameworks",
				);
				LOCALIZATION_PREFERS_STRING_CATALOGS = YES;
				MACOSX_DEPLOYMENT_TARGET = 11.0;
				MARKETING_VERSION = 2.0;
				ONLY_ACTIVE_ARCH = YES;
				PRODUCT_BUNDLE_IDENTIFIER = perez987.fetchinstallerpkg;
				PRODUCT_NAME = "$(TARGET_NAME)";
				SWIFT_EMIT_LOC_STRINGS = YES;
				SWIFT_VERSION = 5.0;
			};
			name = Release;
		};
/* End XCBuildConfiguration section */

/* Begin XCConfigurationList section */
		C63643592670E1B800301DC8 /* Build configuration list for PBXProject "FetchInstallerPkg" */ = {
			isa = XCConfigurationList;
			buildConfigurations = (
				C636436A2670E1B900301DC8 /* Debug */,
				C636436B2670E1B900301DC8 /* Release */,
			);
			defaultConfigurationIsVisible = 0;
			defaultConfigurationName = Release;
		};
		C636436C2670E1B900301DC8 /* Build configuration list for PBXNativeTarget "Download Full Installer" */ = {
			isa = XCConfigurationList;
			buildConfigurations = (
				C636436D2670E1B900301DC8 /* Debug */,
				C636436E2670E1B900301DC8 /* Release */,
			);
			defaultConfigurationIsVisible = 0;
			defaultConfigurationName = Release;
		};
/* End XCConfigurationList section */
	};
	rootObject = C63643562670E1B800301DC8 /* Project object */;
}
